
Microsoft Visual Studio Solution File, Format Version 12.00
# Visual Studio 15
VisualStudioVersion = 15.0.26730.12
MinimumVisualStudioVersion = 10.0.40219.1
Project("{888888A0-9F3D-457C-B088-3A5042F75D52}") = "GenerateCRUD", "GenerateCRUD\GenerateCRUD.pyproj", "{AD975E20-F7C2-4C05-82A2-416A1A95BF6B}"
EndProject
Global
	GlobalSection(SolutionConfigurationPlatforms) = preSolution
		Debug|Any CPU = Debug|Any CPU
		Release|Any CPU = Release|Any CPU
	EndGlobalSection
	GlobalSection(ProjectConfigurationPlatforms) = postSolution
		{AD975E20-F7C2-4C05-82A2-416A1A95BF6B}.Debug|Any CPU.ActiveCfg = Debug|Any CPU
		{AD975E20-F7C2-4C05-82A2-416A1A95BF6B}.Release|Any CPU.ActiveCfg = Release|Any CPU
	EndGlobalSection
	GlobalSection(SolutionProperties) = preSolution
		HideSolutionNode = FALSE
	EndGlobalSection
	GlobalSection(ExtensibilityGlobals) = postSolution
		SolutionGuid = {3472AADA-2F56-422F-9A3D-034C730616CA}
	EndGlobalSection
EndGlobal
